
Microsoft Visual Studio Solution File, Format Version 12.00
# Visual Studio Version 16
VisualStudioVersion = 16.0.28922.388
MinimumVisualStudioVersion = 10.0.40219.1
Project("{9A19103F-16F7-4668-BE54-9A1E7A4F7556}") = "AprendendoCSharpApp", "AprendendoCSharpApp.csproj", "{CEFA1C39-D280-441D-8595-F0DC955A9161}"
EndProject
Global
	GlobalSection(SolutionConfigurationPlatforms) = preSolution
		Debug|Any CPU = Debug|Any CPU
		Release|Any CPU = Release|Any CPU
	EndGlobalSection
	GlobalSection(ProjectConfigurationPlatforms) = postSolution
		{CEFA1C39-D280-441D-8595-F0DC955A9161}.Debug|Any CPU.ActiveCfg = Release|Any CPU
		{CEFA1C39-D280-441D-8595-F0DC955A9161}.Debug|Any CPU.Build.0 = Release|Any CPU
		{CEFA1C39-D280-441D-8595-F0DC955A9161}.Release|Any CPU.ActiveCfg = Release|Any CPU
		{CEFA1C39-D280-441D-8595-F0DC955A9161}.Release|Any CPU.Build.0 = Release|Any CPU
	EndGlobalSection
	GlobalSection(SolutionProperties) = preSolution
		HideSolutionNode = FALSE
	EndGlobalSection
	GlobalSection(ExtensibilityGlobals) = postSolution
		SolutionGuid = {FFA18663-4CCC-4E3F-89AD-9BED1D7D6E2A}
	EndGlobalSection
EndGlobal
